
Microsoft Visual Studio Solution File, Format Version 12.00
# Visual Studio 15
VisualStudioVersion = 15.0.27703.2047
MinimumVisualStudioVersion = 10.0.40219.1
Project("{FAE04EC0-301F-11D3-BF4B-00C04F79EFBC}") = "Ejercicio 16", "Ejercicio 16\Ejercicio 16.csproj", "{D4964818-9353-4AD4-9AAA-7365308A1594}"
EndProject
Project("{FAE04EC0-301F-11D3-BF4B-00C04F79EFBC}") = "Ejercicio 15", "Ejercicio 15\Ejercicio 15.csproj", "{C02B55ED-1990-4876-AF35-1E87ED0E2157}"
EndProject
Project("{FAE04EC0-301F-11D3-BF4B-00C04F79EFBC}") = "Ejercicio Dieciseis", "Ejercicio Dieciseis\Ejercicio Dieciseis.csproj", "{69A23B84-C66A-4E94-87A3-BC3D1B74912E}"
EndProject
Project("{FAE04EC0-301F-11D3-BF4B-00C04F79EFBC}") = "Ejercicio 17", "Ejercicio 17\Ejercicio 17.csproj", "{35C5FE34-B844-4423-9E15-739F8D866B94}"
EndProject
Project("{FAE04EC0-301F-11D3-BF4B-00C04F79EFBC}") = "Ejercicio 18", "Ejercio 18\Ejercicio 18.csproj", "{818F6119-9A19-478F-B8BC-5A7262B3FC5B}"
EndProject
Global
	GlobalSection(SolutionConfigurationPlatforms) = preSolution
		Debug|Any CPU = Debug|Any CPU
		Release|Any CPU = Release|Any CPU
	EndGlobalSection
	GlobalSection(ProjectConfigurationPlatforms) = postSolution
		{D4964818-9353-4AD4-9AAA-7365308A1594}.Debug|Any CPU.ActiveCfg = Debug|Any CPU
		{D4964818-9353-4AD4-9AAA-7365308A1594}.Debug|Any CPU.Build.0 = Debug|Any CPU
		{D4964818-9353-4AD4-9AAA-7365308A1594}.Release|Any CPU.ActiveCfg = Release|Any CPU
		{D4964818-9353-4AD4-9AAA-7365308A1594}.Release|Any CPU.Build.0 = Release|Any CPU
		{C02B55ED-1990-4876-AF35-1E87ED0E2157}.Debug|Any CPU.ActiveCfg = Debug|Any CPU
		{C02B55ED-1990-4876-AF35-1E87ED0E2157}.Debug|Any CPU.Build.0 = Debug|Any CPU
		{C02B55ED-1990-4876-AF35-1E87ED0E2157}.Release|Any CPU.ActiveCfg = Release|Any CPU
		{C02B55ED-1990-4876-AF35-1E87ED0E2157}.Release|Any CPU.Build.0 = Release|Any CPU
		{69A23B84-C66A-4E94-87A3-BC3D1B74912E}.Debug|Any CPU.ActiveCfg = Debug|Any CPU
		{69A23B84-C66A-4E94-87A3-BC3D1B74912E}.Debug|Any CPU.Build.0 = Debug|Any CPU
		{69A23B84-C66A-4E94-87A3-BC3D1B74912E}.Release|Any CPU.ActiveCfg = Release|Any CPU
		{69A23B84-C66A-4E94-87A3-BC3D1B74912E}.Release|Any CPU.Build.0 = Release|Any CPU
		{35C5FE34-B844-4423-9E15-739F8D866B94}.Debug|Any CPU.ActiveCfg = Debug|Any CPU
		{35C5FE34-B844-4423-9E15-739F8D866B94}.Debug|Any CPU.Build.0 = Debug|Any CPU
		{35C5FE34-B844-4423-9E15-739F8D866B94}.Release|Any CPU.ActiveCfg = Release|Any CPU
		{35C5FE34-B844-4423-9E15-739F8D866B94}.Release|Any CPU.Build.0 = Release|Any CPU
		{818F6119-9A19-478F-B8BC-5A7262B3FC5B}.Debug|Any CPU.ActiveCfg = Debug|Any CPU
		{818F6119-9A19-478F-B8BC-5A7262B3FC5B}.Debug|Any CPU.Build.0 = Debug|Any CPU
		{818F6119-9A19-478F-B8BC-5A7262B3FC5B}.Release|Any CPU.ActiveCfg = Release|Any CPU
		{818F6119-9A19-478F-B8BC-5A7262B3FC5B}.Release|Any CPU.Build.0 = Release|Any CPU
	EndGlobalSection
	GlobalSection(SolutionProperties) = preSolution
		HideSolutionNode = FALSE
	EndGlobalSection
	GlobalSection(ExtensibilityGlobals) = postSolution
		SolutionGuid = {74DD4491-96C2-40CB-BDE9-0146F8136F71}
	EndGlobalSection
EndGlobal
