
Microsoft Visual Studio Solution File, Format Version 12.00
# Visual Studio 15
VisualStudioVersion = 15.0.27703.2047
MinimumVisualStudioVersion = 10.0.40219.1
Project("{FAE04EC0-301F-11D3-BF4B-00C04F79EFBC}") = "Clase1TLS", "Clase1TLS\Clase1TLS.csproj", "{742671B5-0493-453E-AE07-FD25C073D58F}"
EndProject
Project("{FAE04EC0-301F-11D3-BF4B-00C04F79EFBC}") = "Ejercicio_2", "Ejercicio_2\Ejercicio_2.csproj", "{8928A3BD-3275-4F6E-89DB-DEABE33CFFD9}"
EndProject
Project("{FAE04EC0-301F-11D3-BF4B-00C04F79EFBC}") = "Ejercicio_3", "Ejercicio_3\Ejercicio_3.csproj", "{48D0AA03-BFDD-4552-84B9-985BCF16D12C}"
EndProject
Global
	GlobalSection(SolutionConfigurationPlatforms) = preSolution
		Debug|Any CPU = Debug|Any CPU
		Release|Any CPU = Release|Any CPU
	EndGlobalSection
	GlobalSection(ProjectConfigurationPlatforms) = postSolution
		{742671B5-0493-453E-AE07-FD25C073D58F}.Debug|Any CPU.ActiveCfg = Debug|Any CPU
		{742671B5-0493-453E-AE07-FD25C073D58F}.Debug|Any CPU.Build.0 = Debug|Any CPU
		{742671B5-0493-453E-AE07-FD25C073D58F}.Release|Any CPU.ActiveCfg = Release|Any CPU
		{742671B5-0493-453E-AE07-FD25C073D58F}.Release|Any CPU.Build.0 = Release|Any CPU
		{8928A3BD-3275-4F6E-89DB-DEABE33CFFD9}.Debug|Any CPU.ActiveCfg = Debug|Any CPU
		{8928A3BD-3275-4F6E-89DB-DEABE33CFFD9}.Debug|Any CPU.Build.0 = Debug|Any CPU
		{8928A3BD-3275-4F6E-89DB-DEABE33CFFD9}.Release|Any CPU.ActiveCfg = Release|Any CPU
		{8928A3BD-3275-4F6E-89DB-DEABE33CFFD9}.Release|Any CPU.Build.0 = Release|Any CPU
		{48D0AA03-BFDD-4552-84B9-985BCF16D12C}.Debug|Any CPU.ActiveCfg = Debug|Any CPU
		{48D0AA03-BFDD-4552-84B9-985BCF16D12C}.Debug|Any CPU.Build.0 = Debug|Any CPU
		{48D0AA03-BFDD-4552-84B9-985BCF16D12C}.Release|Any CPU.ActiveCfg = Release|Any CPU
		{48D0AA03-BFDD-4552-84B9-985BCF16D12C}.Release|Any CPU.Build.0 = Release|Any CPU
	EndGlobalSection
	GlobalSection(SolutionProperties) = preSolution
		HideSolutionNode = FALSE
	EndGlobalSection
	GlobalSection(ExtensibilityGlobals) = postSolution
		SolutionGuid = {8D4FEFE7-0E6D-423D-9ACE-795C24EF8D61}
	EndGlobalSection
EndGlobal
