
Microsoft Visual Studio Solution File, Format Version 12.00
# Visual Studio 15
VisualStudioVersion = 15.0.27703.2047
MinimumVisualStudioVersion = 10.0.40219.1
Project("{FAE04EC0-301F-11D3-BF4B-00C04F79EFBC}") = "VistaConsola", "Suarez.Tomas.2C\VistaConsola.csproj", "{A1DAD0D2-9779-439E-90F5-4A6C12EC168D}"
EndProject
Project("{FAE04EC0-301F-11D3-BF4B-00C04F79EFBC}") = "Entidades", "Entidades\Entidades.csproj", "{F6797993-D83E-4E6B-8727-FB9492B2B56A}"
EndProject
Project("{FAE04EC0-301F-11D3-BF4B-00C04F79EFBC}") = "VistaForm", "VistaForm\VistaForm.csproj", "{C7D33EFA-DC11-4A5A-825F-048D87FF00BE}"
EndProject
Global
	GlobalSection(SolutionConfigurationPlatforms) = preSolution
		Debug|Any CPU = Debug|Any CPU
		Release|Any CPU = Release|Any CPU
	EndGlobalSection
	GlobalSection(ProjectConfigurationPlatforms) = postSolution
		{A1DAD0D2-9779-439E-90F5-4A6C12EC168D}.Debug|Any CPU.ActiveCfg = Debug|Any CPU
		{A1DAD0D2-9779-439E-90F5-4A6C12EC168D}.Debug|Any CPU.Build.0 = Debug|Any CPU
		{A1DAD0D2-9779-439E-90F5-4A6C12EC168D}.Release|Any CPU.ActiveCfg = Release|Any CPU
		{A1DAD0D2-9779-439E-90F5-4A6C12EC168D}.Release|Any CPU.Build.0 = Release|Any CPU
		{F6797993-D83E-4E6B-8727-FB9492B2B56A}.Debug|Any CPU.ActiveCfg = Debug|Any CPU
		{F6797993-D83E-4E6B-8727-FB9492B2B56A}.Debug|Any CPU.Build.0 = Debug|Any CPU
		{F6797993-D83E-4E6B-8727-FB9492B2B56A}.Release|Any CPU.ActiveCfg = Release|Any CPU
		{F6797993-D83E-4E6B-8727-FB9492B2B56A}.Release|Any CPU.Build.0 = Release|Any CPU
		{C7D33EFA-DC11-4A5A-825F-048D87FF00BE}.Debug|Any CPU.ActiveCfg = Debug|Any CPU
		{C7D33EFA-DC11-4A5A-825F-048D87FF00BE}.Debug|Any CPU.Build.0 = Debug|Any CPU
		{C7D33EFA-DC11-4A5A-825F-048D87FF00BE}.Release|Any CPU.ActiveCfg = Release|Any CPU
		{C7D33EFA-DC11-4A5A-825F-048D87FF00BE}.Release|Any CPU.Build.0 = Release|Any CPU
	EndGlobalSection
	GlobalSection(SolutionProperties) = preSolution
		HideSolutionNode = FALSE
	EndGlobalSection
	GlobalSection(ExtensibilityGlobals) = postSolution
		SolutionGuid = {F38D2BEA-2477-44A8-B2C6-97A1C00C87F7}
	EndGlobalSection
EndGlobal
