
Microsoft Visual Studio Solution File, Format Version 12.00
# Visual Studio 15
VisualStudioVersion = 15.0.26430.15
MinimumVisualStudioVersion = 10.0.40219.1
Project("{FAE04EC0-301F-11D3-BF4B-00C04F79EFBC}") = "Entidades", "Entidades\Entidades.csproj", "{92CE2FC2-3AC4-4499-83FD-6661117B503D}"
EndProject
Project("{FAE04EC0-301F-11D3-BF4B-00C04F79EFBC}") = "VistaForm", "VistaForm\VistaForm.csproj", "{4B27A614-8577-4ADB-8B73-C937276A9BA7}"
EndProject
Project("{FAE04EC0-301F-11D3-BF4B-00C04F79EFBC}") = "Excepciones", "ClassLibrary1\Excepciones.csproj", "{A73F962C-1040-401D-A168-DFEC96833503}"
EndProject
Project("{FAE04EC0-301F-11D3-BF4B-00C04F79EFBC}") = "Archivos", "Archivos\Archivos.csproj", "{F3C956FA-E7BE-4098-B4FA-7CBA2D1D52AE}"
EndProject
Project("{FAE04EC0-301F-11D3-BF4B-00C04F79EFBC}") = "UnitTestProject1", "UnitTestProject1\UnitTestProject1.csproj", "{1B0C5589-A75D-47A1-87E9-EA2924499674}"
EndProject
Global
	GlobalSection(SolutionConfigurationPlatforms) = preSolution
		Debug|Any CPU = Debug|Any CPU
		Release|Any CPU = Release|Any CPU
	EndGlobalSection
	GlobalSection(ProjectConfigurationPlatforms) = postSolution
		{92CE2FC2-3AC4-4499-83FD-6661117B503D}.Debug|Any CPU.ActiveCfg = Debug|Any CPU
		{92CE2FC2-3AC4-4499-83FD-6661117B503D}.Debug|Any CPU.Build.0 = Debug|Any CPU
		{92CE2FC2-3AC4-4499-83FD-6661117B503D}.Release|Any CPU.ActiveCfg = Release|Any CPU
		{92CE2FC2-3AC4-4499-83FD-6661117B503D}.Release|Any CPU.Build.0 = Release|Any CPU
		{4B27A614-8577-4ADB-8B73-C937276A9BA7}.Debug|Any CPU.ActiveCfg = Debug|Any CPU
		{4B27A614-8577-4ADB-8B73-C937276A9BA7}.Debug|Any CPU.Build.0 = Debug|Any CPU
		{4B27A614-8577-4ADB-8B73-C937276A9BA7}.Release|Any CPU.ActiveCfg = Release|Any CPU
		{4B27A614-8577-4ADB-8B73-C937276A9BA7}.Release|Any CPU.Build.0 = Release|Any CPU
		{A73F962C-1040-401D-A168-DFEC96833503}.Debug|Any CPU.ActiveCfg = Debug|Any CPU
		{A73F962C-1040-401D-A168-DFEC96833503}.Debug|Any CPU.Build.0 = Debug|Any CPU
		{A73F962C-1040-401D-A168-DFEC96833503}.Release|Any CPU.ActiveCfg = Release|Any CPU
		{A73F962C-1040-401D-A168-DFEC96833503}.Release|Any CPU.Build.0 = Release|Any CPU
		{F3C956FA-E7BE-4098-B4FA-7CBA2D1D52AE}.Debug|Any CPU.ActiveCfg = Debug|Any CPU
		{F3C956FA-E7BE-4098-B4FA-7CBA2D1D52AE}.Debug|Any CPU.Build.0 = Debug|Any CPU
		{F3C956FA-E7BE-4098-B4FA-7CBA2D1D52AE}.Release|Any CPU.ActiveCfg = Release|Any CPU
		{F3C956FA-E7BE-4098-B4FA-7CBA2D1D52AE}.Release|Any CPU.Build.0 = Release|Any CPU
		{1B0C5589-A75D-47A1-87E9-EA2924499674}.Debug|Any CPU.ActiveCfg = Debug|Any CPU
		{1B0C5589-A75D-47A1-87E9-EA2924499674}.Debug|Any CPU.Build.0 = Debug|Any CPU
		{1B0C5589-A75D-47A1-87E9-EA2924499674}.Release|Any CPU.ActiveCfg = Release|Any CPU
		{1B0C5589-A75D-47A1-87E9-EA2924499674}.Release|Any CPU.Build.0 = Release|Any CPU
	EndGlobalSection
	GlobalSection(SolutionProperties) = preSolution
		HideSolutionNode = FALSE
	EndGlobalSection
	GlobalSection(ExtensibilityGlobals) = postSolution
		SolutionGuid = {A8BE4B44-06D9-4127-A17D-67D88B39D5C8}
	EndGlobalSection
EndGlobal
